
Microsoft Visual Studio Solution File, Format Version 12.00
# Visual Studio Version 16
VisualStudioVersion = 16.0.29318.209
MinimumVisualStudioVersion = 10.0.40219.1
Project("{FAE04EC0-301F-11D3-BF4B-00C04F79EFBC}") = "TiendaMagic", "TiendaMagic\TiendaMagic.csproj", "{26DFD8FD-A157-47A8-A293-80772836E083}"
EndProject
Global
	GlobalSection(SolutionConfigurationPlatforms) = preSolution
		Debug|Any CPU = Debug|Any CPU
		Release|Any CPU = Release|Any CPU
	EndGlobalSection
	GlobalSection(ProjectConfigurationPlatforms) = postSolution
		{26DFD8FD-A157-47A8-A293-80772836E083}.Debug|Any CPU.ActiveCfg = Debug|Any CPU
		{26DFD8FD-A157-47A8-A293-80772836E083}.Debug|Any CPU.Build.0 = Debug|Any CPU
		{26DFD8FD-A157-47A8-A293-80772836E083}.Release|Any CPU.ActiveCfg = Release|Any CPU
		{26DFD8FD-A157-47A8-A293-80772836E083}.Release|Any CPU.Build.0 = Release|Any CPU
	EndGlobalSection
	GlobalSection(SolutionProperties) = preSolution
		HideSolutionNode = FALSE
	EndGlobalSection
	GlobalSection(ExtensibilityGlobals) = postSolution
		SolutionGuid = {98400C37-4193-4E6A-835F-58F5F7E56DB1}
	EndGlobalSection
EndGlobal
