
Microsoft Visual Studio Solution File, Format Version 12.00
# Visual Studio Version 16
VisualStudioVersion = 16.0.29318.209
MinimumVisualStudioVersion = 10.0.40219.1
Project("{FAE04EC0-301F-11D3-BF4B-00C04F79EFBC}") = "EntityFrameworkExample", "EntityFrameworkExample\EntityFrameworkExample.csproj", "{F615360D-6103-47E3-A597-8917C5239B5F}"
EndProject
Global
	GlobalSection(SolutionConfigurationPlatforms) = preSolution
		Debug|Any CPU = Debug|Any CPU
		Release|Any CPU = Release|Any CPU
	EndGlobalSection
	GlobalSection(ProjectConfigurationPlatforms) = postSolution
		{F615360D-6103-47E3-A597-8917C5239B5F}.Debug|Any CPU.ActiveCfg = Debug|Any CPU
		{F615360D-6103-47E3-A597-8917C5239B5F}.Debug|Any CPU.Build.0 = Debug|Any CPU
		{F615360D-6103-47E3-A597-8917C5239B5F}.Release|Any CPU.ActiveCfg = Release|Any CPU
		{F615360D-6103-47E3-A597-8917C5239B5F}.Release|Any CPU.Build.0 = Release|Any CPU
	EndGlobalSection
	GlobalSection(SolutionProperties) = preSolution
		HideSolutionNode = FALSE
	EndGlobalSection
	GlobalSection(ExtensibilityGlobals) = postSolution
		SolutionGuid = {9C6C6F10-721B-41F6-96E0-F90CA98FA0F1}
	EndGlobalSection
EndGlobal
