
Microsoft Visual Studio Solution File, Format Version 12.00
# Visual Studio Version 16
VisualStudioVersion = 16.0.29318.209
MinimumVisualStudioVersion = 10.0.40219.1
Project("{FAE04EC0-301F-11D3-BF4B-00C04F79EFBC}") = "Hamburgueseria", "Hamburgueseria\Hamburgueseria.csproj", "{C883BC7A-5ED1-4601-94B2-D89A8AD1741C}"
EndProject
Global
	GlobalSection(SolutionConfigurationPlatforms) = preSolution
		Debug|Any CPU = Debug|Any CPU
		Release|Any CPU = Release|Any CPU
	EndGlobalSection
	GlobalSection(ProjectConfigurationPlatforms) = postSolution
		{C883BC7A-5ED1-4601-94B2-D89A8AD1741C}.Debug|Any CPU.ActiveCfg = Debug|Any CPU
		{C883BC7A-5ED1-4601-94B2-D89A8AD1741C}.Debug|Any CPU.Build.0 = Debug|Any CPU
		{C883BC7A-5ED1-4601-94B2-D89A8AD1741C}.Release|Any CPU.ActiveCfg = Release|Any CPU
		{C883BC7A-5ED1-4601-94B2-D89A8AD1741C}.Release|Any CPU.Build.0 = Release|Any CPU
	EndGlobalSection
	GlobalSection(SolutionProperties) = preSolution
		HideSolutionNode = FALSE
	EndGlobalSection
	GlobalSection(ExtensibilityGlobals) = postSolution
		SolutionGuid = {11882C55-EE64-4F47-B81B-DFDCB8926DE3}
	EndGlobalSection
EndGlobal
