
Microsoft Visual Studio Solution File, Format Version 12.00
# Visual Studio Version 16
VisualStudioVersion = 16.0.29318.209
MinimumVisualStudioVersion = 10.0.40219.1
Project("{FAE04EC0-301F-11D3-BF4B-00C04F79EFBC}") = "Identity2.0", "Identity2.0\Identity2.0.csproj", "{14D0E61D-15B8-4ABD-B6A5-751E4F8EC2F3}"
EndProject
Global
	GlobalSection(SolutionConfigurationPlatforms) = preSolution
		Debug|Any CPU = Debug|Any CPU
		Release|Any CPU = Release|Any CPU
	EndGlobalSection
	GlobalSection(ProjectConfigurationPlatforms) = postSolution
		{14D0E61D-15B8-4ABD-B6A5-751E4F8EC2F3}.Debug|Any CPU.ActiveCfg = Debug|Any CPU
		{14D0E61D-15B8-4ABD-B6A5-751E4F8EC2F3}.Debug|Any CPU.Build.0 = Debug|Any CPU
		{14D0E61D-15B8-4ABD-B6A5-751E4F8EC2F3}.Release|Any CPU.ActiveCfg = Release|Any CPU
		{14D0E61D-15B8-4ABD-B6A5-751E4F8EC2F3}.Release|Any CPU.Build.0 = Release|Any CPU
	EndGlobalSection
	GlobalSection(SolutionProperties) = preSolution
		HideSolutionNode = FALSE
	EndGlobalSection
	GlobalSection(ExtensibilityGlobals) = postSolution
		SolutionGuid = {2D834A77-D419-4FF7-A574-F7BDED11513A}
	EndGlobalSection
EndGlobal
