
Microsoft Visual Studio Solution File, Format Version 12.00
# Visual Studio Version 16
VisualStudioVersion = 16.0.29318.209
MinimumVisualStudioVersion = 10.0.40219.1
Project("{FAE04EC0-301F-11D3-BF4B-00C04F79EFBC}") = "FirstExercise", "FirstExercise\FirstExercise.csproj", "{82E5D61E-9E5D-4044-AFF1-A709DA15155E}"
EndProject
Global
	GlobalSection(SolutionConfigurationPlatforms) = preSolution
		Debug|Any CPU = Debug|Any CPU
		Release|Any CPU = Release|Any CPU
	EndGlobalSection
	GlobalSection(ProjectConfigurationPlatforms) = postSolution
		{82E5D61E-9E5D-4044-AFF1-A709DA15155E}.Debug|Any CPU.ActiveCfg = Debug|Any CPU
		{82E5D61E-9E5D-4044-AFF1-A709DA15155E}.Debug|Any CPU.Build.0 = Debug|Any CPU
		{82E5D61E-9E5D-4044-AFF1-A709DA15155E}.Release|Any CPU.ActiveCfg = Release|Any CPU
		{82E5D61E-9E5D-4044-AFF1-A709DA15155E}.Release|Any CPU.Build.0 = Release|Any CPU
	EndGlobalSection
	GlobalSection(SolutionProperties) = preSolution
		HideSolutionNode = FALSE
	EndGlobalSection
	GlobalSection(ExtensibilityGlobals) = postSolution
		SolutionGuid = {5BC099BC-6738-43BA-821F-961EE637FEF5}
	EndGlobalSection
EndGlobal
