
Microsoft Visual Studio Solution File, Format Version 12.00
# Visual Studio Version 16
VisualStudioVersion = 16.0.29318.209
MinimumVisualStudioVersion = 10.0.40219.1
Project("{FAE04EC0-301F-11D3-BF4B-00C04F79EFBC}") = "identity", "identity\identity.csproj", "{13F8A664-BABA-4EA1-9FD8-DA9D65342C11}"
EndProject
Global
	GlobalSection(SolutionConfigurationPlatforms) = preSolution
		Debug|Any CPU = Debug|Any CPU
		Release|Any CPU = Release|Any CPU
	EndGlobalSection
	GlobalSection(ProjectConfigurationPlatforms) = postSolution
		{13F8A664-BABA-4EA1-9FD8-DA9D65342C11}.Debug|Any CPU.ActiveCfg = Debug|Any CPU
		{13F8A664-BABA-4EA1-9FD8-DA9D65342C11}.Debug|Any CPU.Build.0 = Debug|Any CPU
		{13F8A664-BABA-4EA1-9FD8-DA9D65342C11}.Release|Any CPU.ActiveCfg = Release|Any CPU
		{13F8A664-BABA-4EA1-9FD8-DA9D65342C11}.Release|Any CPU.Build.0 = Release|Any CPU
	EndGlobalSection
	GlobalSection(SolutionProperties) = preSolution
		HideSolutionNode = FALSE
	EndGlobalSection
	GlobalSection(ExtensibilityGlobals) = postSolution
		SolutionGuid = {9647EAB9-05D7-4527-B79D-B602EC2B0DE5}
	EndGlobalSection
EndGlobal
