
Microsoft Visual Studio Solution File, Format Version 12.00
# Visual Studio Version 16
VisualStudioVersion = 16.0.29318.209
MinimumVisualStudioVersion = 10.0.40219.1
Project("{FAE04EC0-301F-11D3-BF4B-00C04F79EFBC}") = "VideoClubOp", "VideoClubOp\VideoClubOp.csproj", "{E174164A-8BBF-4110-806F-6461E5A76DFF}"
EndProject
Global
	GlobalSection(SolutionConfigurationPlatforms) = preSolution
		Debug|Any CPU = Debug|Any CPU
		Release|Any CPU = Release|Any CPU
	EndGlobalSection
	GlobalSection(ProjectConfigurationPlatforms) = postSolution
		{E174164A-8BBF-4110-806F-6461E5A76DFF}.Debug|Any CPU.ActiveCfg = Debug|Any CPU
		{E174164A-8BBF-4110-806F-6461E5A76DFF}.Debug|Any CPU.Build.0 = Debug|Any CPU
		{E174164A-8BBF-4110-806F-6461E5A76DFF}.Release|Any CPU.ActiveCfg = Release|Any CPU
		{E174164A-8BBF-4110-806F-6461E5A76DFF}.Release|Any CPU.Build.0 = Release|Any CPU
	EndGlobalSection
	GlobalSection(SolutionProperties) = preSolution
		HideSolutionNode = FALSE
	EndGlobalSection
	GlobalSection(ExtensibilityGlobals) = postSolution
		SolutionGuid = {C5D70FD2-610C-4FCD-B41F-BEC65C5228EE}
	EndGlobalSection
EndGlobal
